// !$*UTF8*$!
{
	archiveVersion = 1;
	classes = {
	};
	objectVersion = 46;
	objects = {

/* Begin PBXBuildFile section */
		9CB3E37F1E84EE6800DF934C /* AppDelegate.m in Sources */ = {isa = PBXBuildFile; fileRef = 9CB3E37E1E84EE6800DF934C /* AppDelegate.m */; };
		9CB3E3821E84EE6800DF934C /* main.m in Sources */ = {isa = PBXBuildFile; fileRef = 9CB3E3811E84EE6800DF934C /* main.m */; };
		9CB3E3851E84EE6800DF934C /* ViewController.m in Sources */ = {isa = PBXBuildFile; fileRef = 9CB3E3841E84EE6800DF934C /* ViewController.m */; };
		9CB3E3871E84EE6800DF934C /* Assets.xcassets in Resources */ = {isa = PBXBuildFile; fileRef = 9CB3E3861E84EE6800DF934C /* Assets.xcassets */; };
		9CB3E38A1E84EE6800DF934C /* Main.storyboard in Resources */ = {isa = PBXBuildFile; fileRef = 9CB3E3881E84EE6800DF934C /* Main.storyboard */; };
/* End PBXBuildFile section */

/* Begin PBXFileReference section */
		9CB3E37A1E84EE6800DF934C /* demo-macos.app */ = {isa = PBXFileReference; explicitFileType = wrapper.application; includeInIndex = 0; path = "demo-macos.app"; sourceTree = BUILT_PRODUCTS_DIR; };
		9CB3E37D1E84EE6800DF934C /* AppDelegate.h */ = {isa = PBXFileReference; lastKnownFileType = sourcecode.c.h; path = AppDelegate.h; sourceTree = "<group>"; };
		9CB3E37E1E84EE6800DF934C /* AppDelegate.m */ = {isa = PBXFileReference; lastKnownFileType = sourcecode.c.objc; path = AppDelegate.m; sourceTree = "<group>"; };
		9CB3E3811E84EE6800DF934C /* main.m */ = {isa = PBXFileReference; lastKnownFileType = sourcecode.c.objc; path = main.m; sourceTree = "<group>"; };
		9CB3E3831E84EE6800DF934C /* ViewController.h */ = {isa = PBXFileReference; lastKnownFileType = sourcecode.c.h; path = ViewController.h; sourceTree = "<group>"; };
		9CB3E3841E84EE6800DF934C /* ViewController.m */ = {isa = PBXFileReference; lastKnownFileType = sourcecode.c.objc; path = ViewController.m; sourceTree = "<group>"; };
		9CB3E3861E84EE6800DF934C /* Assets.xcassets */ = {isa = PBXFileReference; lastKnownFileType = folder.assetcatalog; path = Assets.xcassets; sourceTree = "<group>"; };
		9CB3E3891E84EE6800DF934C /* Base */ = {isa = PBXFileReference; lastKnownFileType = file.storyboard; name = Base; path = Base.lproj/Main.storyboard; sourceTree = "<group>"; };
		9CB3E38B1E84EE6800DF934C /* Info.plist */ = {isa = PBXFileReference; lastKnownFileType = text.plist.xml; path = Info.plist; sourceTree = "<group>"; };
/* End PBXFileReference section */

/* Begin PBXFrameworksBuildPhase section */
		9CB3E3771E84EE6800DF934C /* Frameworks */ = {
			isa = PBXFrameworksBuildPhase;
			buildActionMask = 2147483647;
			files = (
			);
			runOnlyForDeploymentPostprocessing = 0;
		};
/* End PBXFrameworksBuildPhase section */

/* Begin PBXGroup section */
		9CB3E3711E84EE6800DF934C = {
			isa = PBXGroup;
			children = (
				9CB3E37C1E84EE6800DF934C /* demo-macos */,
				9CB3E37B1E84EE6800DF934C /* Products */,
			);
			sourceTree = "<group>";
		};
		9CB3E37B1E84EE6800DF934C /* Products */ = {
			isa = PBXGroup;
			children = (
				9CB3E37A1E84EE6800DF934C /* demo-macos.app */,
			);
			name = Products;
			sourceTree = "<group>";
		};
		9CB3E37C1E84EE6800DF934C /* demo-macos */ = {
			isa = PBXGroup;
			children = (
				9CB3E37D1E84EE6800DF934C /* AppDelegate.h */,
				9CB3E37E1E84EE6800DF934C /* AppDelegate.m */,
				9CB3E3831E84EE6800DF934C /* ViewController.h */,
				9CB3E3841E84EE6800DF934C /* ViewController.m */,
				9CB3E3861E84EE6800DF934C /* Assets.xcassets */,
				9CB3E3881E84EE6800DF934C /* Main.storyboard */,
				9CB3E38B1E84EE6800DF934C /* Info.plist */,
				9CB3E3801E84EE6800DF934C /* Supporting Files */,
			);
			path = "demo-macos";
			sourceTree = "<group>";
		};
		9CB3E3801E84EE6800DF934C /* Supporting Files */ = {
			isa = PBXGroup;
			children = (
				9CB3E3811E84EE6800DF934C /* main.m */,
			);
			name = "Supporting Files";
			sourceTree = "<group>";
		};
/* End PBXGroup section */

/* Begin PBXNativeTarget section */
		9CB3E3791E84EE6800DF934C /* demo-macos */ = {
			isa = PBXNativeTarget;
			buildConfigurationList = 9CB3E38E1E84EE6800DF934C /* Build configuration list for PBXNativeTarget "demo-macos" */;
			buildPhases = (
				9CB3E3761E84EE6800DF934C /* Sources */,
				9CB3E3771E84EE6800DF934C /* Frameworks */,
				9CB3E3781E84EE6800DF934C /* Resources */,
			);
			buildRules = (
			);
			dependencies = (
			);
			name = "demo-macos";
			productName = "demo-macos";
			productReference = 9CB3E37A1E84EE6800DF934C /* demo-macos.app */;
			productType = "com.apple.product-type.application";
		};
/* End PBXNativeTarget section */

/* Begin PBXProject section */
		9CB3E3721E84EE6800DF934C /* Project object */ = {
			isa = PBXProject;
			attributes = {
				LastUpgradeCheck = 0820;
				ORGANIZATIONNAME = Single;
				TargetAttributes = {
					9CB3E3791E84EE6800DF934C = {
						CreatedOnToolsVersion = 8.2.1;
						ProvisioningStyle = Automatic;
					};
				};
			};
			buildConfigurationList = 9CB3E3751E84EE6800DF934C /* Build configuration list for PBXProject "demo-macos" */;
			compatibilityVersion = "Xcode 3.2";
			developmentRegion = English;
			hasScannedForEncodings = 0;
			knownRegions = (
				en,
				Base,
			);
			mainGroup = 9CB3E3711E84EE6800DF934C;
			productRefGroup = 9CB3E37B1E84EE6800DF934C /* Products */;
			projectDirPath = "";
			projectRoot = "";
			targets = (
				9CB3E3791E84EE6800DF934C /* demo-macos */,
			);
		};
/* End PBXProject section */

/* Begin PBXResourcesBuildPhase section */
		9CB3E3781E84EE6800DF934C /* Resources */ = {
			isa = PBXResourcesBuildPhase;
			buildActionMask = 2147483647;
			files = (
				9CB3E3871E84EE6800DF934C /* Assets.xcassets in Resources */,
				9CB3E38A1E84EE6800DF934C /* Main.storyboard in Resources */,
			);
			runOnlyForDeploymentPostprocessing = 0;
		};
/* End PBXResourcesBuildPhase section */

/* Begin PBXSourcesBuildPhase section */
		9CB3E3761E84EE6800DF934C /* Sources */ = {
			isa = PBXSourcesBuildPhase;
			buildActionMask = 2147483647;
			files = (
				9CB3E3851E84EE6800DF934C /* ViewController.m in Sources */,
				9CB3E3821E84EE6800DF934C /* main.m in Sources */,
				9CB3E37F1E84EE6800DF934C /* AppDelegate.m in Sources */,
			);
			runOnlyForDeploymentPostprocessing = 0;
		};
/* End PBXSourcesBuildPhase section */

/* Begin PBXVariantGroup section */
		9CB3E3881E84EE6800DF934C /* Main.storyboard */ = {
			isa = PBXVariantGroup;
			children = (
				9CB3E3891E84EE6800DF934C /* Base */,
			);
			name = Main.storyboard;
			sourceTree = "<group>";
		};
/* End PBXVariantGroup section */

/* Begin XCBuildConfiguration section */
		9CB3E38C1E84EE6800DF934C /* Debug */ = {
			isa = XCBuildConfiguration;
			buildSettings = {
				ALWAYS_SEARCH_USER_PATHS = NO;
				CLANG_ANALYZER_NONNULL = YES;
				CLANG_CXX_LANGUAGE_STANDARD = "gnu++0x";
				CLANG_CXX_LIBRARY = "libc++";
				CLANG_ENABLE_MODULES = YES;
				CLANG_ENABLE_OBJC_ARC = YES;
				CLANG_WARN_BOOL_CONVERSION = YES;
				CLANG_WARN_CONSTANT_CONVERSION = YES;
				CLANG_WARN_DIRECT_OBJC_ISA_USAGE = YES_ERROR;
				CLANG_WARN_DOCUMENTATION_COMMENTS = YES;
				CLANG_WARN_EMPTY_BODY = YES;
				CLANG_WARN_ENUM_CONVERSION = YES;
				CLANG_WARN_INFINITE_RECURSION = YES;
				CLANG_WARN_INT_CONVERSION = YES;
				CLANG_WARN_OBJC_ROOT_CLASS = YES_ERROR;
				CLANG_WARN_SUSPICIOUS_MOVE = YES;
				CLANG_WARN_UNREACHABLE_CODE = YES;
				CLANG_WARN__DUPLICATE_METHOD_MATCH = YES;
				CODE_SIGN_IDENTITY = "-";
				COPY_PHASE_STRIP = NO;
				DEBUG_INFORMATION_FORMAT = dwarf;
				ENABLE_STRICT_OBJC_MSGSEND = YES;
				ENABLE_TESTABILITY = YES;
				GCC_C_LANGUAGE_STANDARD = gnu99;
				GCC_DYNAMIC_NO_PIC = NO;
				GCC_NO_COMMON_BLOCKS = YES;
				GCC_OPTIMIZATION_LEVEL = 0;
				GCC_PREPROCESSOR_DEFINITIONS = (
					"DEBUG=1",
					"$(inherited)",
				);
				GCC_WARN_64_TO_32_BIT_CONVERSION = YES;
				GCC_WARN_ABOUT_RETURN_TYPE = YES_ERROR;
				GCC_WARN_UNDECLARED_SELECTOR = YES;
				GCC_WARN_UNINITIALIZED_AUTOS = YES_AGGRESSIVE;
				GCC_WARN_UNUSED_FUNCTION = YES;
				GCC_WARN_UNUSED_VARIABLE = YES;
				MACOSX_DEPLOYMENT_TARGET = 10.12;
				MTL_ENABLE_DEBUG_INFO = YES;
				ONLY_ACTIVE_ARCH = YES;
				SDKROOT = macosx;
			};
			name = Debug;
		};
		9CB3E38D1E84EE6800DF934C /* Release */ = {
			isa = XCBuildConfiguration;
			buildSettings = {
				ALWAYS_SEARCH_USER_PATHS = NO;
				CLANG_ANALYZER_NONNULL = YES;
				CLANG_CXX_LANGUAGE_STANDARD = "gnu++0x";
				CLANG_CXX_LIBRARY = "libc++";
				CLANG_ENABLE_MODULES = YES;
				CLANG_ENABLE_OBJC_ARC = YES;
				CLANG_WARN_BOOL_CONVERSION = YES;
				CLANG_WARN_CONSTANT_CONVERSION = YES;
				CLANG_WARN_DIRECT_OBJC_ISA_USAGE = YES_ERROR;
				CLANG_WARN_DOCUMENTATION_COMMENTS = YES;
				CLANG_WARN_EMPTY_BODY = YES;
				CLANG_WARN_ENUM_CONVERSION = YES;
				CLANG_WARN_INFINITE_RECURSION = YES;
				CLANG_WARN_INT_CONVERSION = YES;
				CLANG_WARN_OBJC_ROOT_CLASS = YES_ERROR;
				CLANG_WARN_SUSPICIOUS_MOVE = YES;
				CLANG_WARN_UNREACHABLE_CODE = YES;
				CLANG_WARN__DUPLICATE_METHOD_MATCH = YES;
				CODE_SIGN_IDENTITY = "-";
				COPY_PHASE_STRIP = NO;
				DEBUG_INFORMATION_FORMAT = "dwarf-with-dsym";
				ENABLE_NS_ASSERTIONS = NO;
				ENABLE_STRICT_OBJC_MSGSEND = YES;
				GCC_C_LANGUAGE_STANDARD = gnu99;
				GCC_NO_COMMON_BLOCKS = YES;
				GCC_WARN_64_TO_32_BIT_CONVERSION = YES;
				GCC_WARN_ABOUT_RETURN_TYPE = YES_ERROR;
				GCC_WARN_UNDECLARED_SELECTOR = YES;
				GCC_WARN_UNINITIALIZED_AUTOS = YES_AGGRESSIVE;
				GCC_WARN_UNUSED_FUNCTION = YES;
				GCC_WARN_UNUSED_VARIABLE = YES;
				MACOSX_DEPLOYMENT_TARGET = 10.12;
				MTL_ENABLE_DEBUG_INFO = NO;
				SDKROOT = macosx;
			};
			name = Release;
		};
		9CB3E38F1E84EE6800DF934C /* Debug */ = {
			isa = XCBuildConfiguration;
			buildSettings = {
				ASSETCATALOG_COMPILER_APPICON_NAME = AppIcon;
				COMBINE_HIDPI_IMAGES = YES;
				INFOPLIST_FILE = "demo-macos/Info.plist";
				LD_RUNPATH_SEARCH_PATHS = "$(inherited) @executable_path/../Frameworks";
				MACOSX_DEPLOYMENT_TARGET = 10.10;
				PRODUCT_BUNDLE_IDENTIFIER = "com.SGDownload.demo-macos";
				PRODUCT_NAME = "$(TARGET_NAME)";
			};
			name = Debug;
		};
		9CB3E3901E84EE6800DF934C /* Release */ = {
			isa = XCBuildConfiguration;
			buildSettings = {
				ASSETCATALOG_COMPILER_APPICON_NAME = AppIcon;
				COMBINE_HIDPI_IMAGES = YES;
				INFOPLIST_FILE = "demo-macos/Info.plist";
				LD_RUNPATH_SEARCH_PATHS = "$(inherited) @executable_path/../Frameworks";
				MACOSX_DEPLOYMENT_TARGET = 10.10;
				PRODUCT_BUNDLE_IDENTIFIER = "com.SGDownload.demo-macos";
				PRODUCT_NAME = "$(TARGET_NAME)";
			};
			name = Release;
		};
/* End XCBuildConfiguration section */

/* Begin XCConfigurationList section */
		9CB3E3751E84EE6800DF934C /* Build configuration list for PBXProject "demo-macos" */ = {
			isa = XCConfigurationList;
			buildConfigurations = (
				9CB3E38C1E84EE6800DF934C /* Debug */,
				9CB3E38D1E84EE6800DF934C /* Release */,
			);
			defaultConfigurationIsVisible = 0;
			defaultConfigurationName = Release;
		};
		9CB3E38E1E84EE6800DF934C /* Build configuration list for PBXNativeTarget "demo-macos" */ = {
			isa = XCConfigurationList;
			buildConfigurations = (
				9CB3E38F1E84EE6800DF934C /* Debug */,
				9CB3E3901E84EE6800DF934C /* Release */,
			);
			defaultConfigurationIsVisible = 0;
			defaultConfigurationName = Release;
		};
/* End XCConfigurationList section */
	};
	rootObject = 9CB3E3721E84EE6800DF934C /* Project object */;
}
